
Microsoft Visual Studio Solution File, Format Version 12.00
# Visual Studio Version 17
VisualStudioVersion = 17.4.33122.133
MinimumVisualStudioVersion = 10.0.40219.1
Project("{FAE04EC0-301F-11D3-BF4B-00C04F79EFBC}") = "DesafioPraticoCSharp", "DesafioPraticoCSharp\DesafioPraticoCSharp.csproj", "{B07C866E-8D33-4EE6-8918-7887C9785DA9}"
EndProject
Global
	GlobalSection(SolutionConfigurationPlatforms) = preSolution
		Debug|Any CPU = Debug|Any CPU
		Release|Any CPU = Release|Any CPU
	EndGlobalSection
	GlobalSection(ProjectConfigurationPlatforms) = postSolution
		{B07C866E-8D33-4EE6-8918-7887C9785DA9}.Debug|Any CPU.ActiveCfg = Debug|Any CPU
		{B07C866E-8D33-4EE6-8918-7887C9785DA9}.Debug|Any CPU.Build.0 = Debug|Any CPU
		{B07C866E-8D33-4EE6-8918-7887C9785DA9}.Release|Any CPU.ActiveCfg = Release|Any CPU
		{B07C866E-8D33-4EE6-8918-7887C9785DA9}.Release|Any CPU.Build.0 = Release|Any CPU
	EndGlobalSection
	GlobalSection(SolutionProperties) = preSolution
		HideSolutionNode = FALSE
	EndGlobalSection
	GlobalSection(ExtensibilityGlobals) = postSolution
		SolutionGuid = {BD5289CC-D226-4BD5-A9CC-3D5C6DFBA708}
	EndGlobalSection
EndGlobal
